
Microsoft Visual Studio Solution File, Format Version 12.00
# Visual Studio Version 17
VisualStudioVersion = 17.1.32210.238
MinimumVisualStudioVersion = 10.0.40219.1
Project("{FAE04EC0-301F-11D3-BF4B-00C04F79EFBC}") = "BasicCorePrograme", "BasicCorePrograme\BasicCorePrograme.csproj", "{5DE4C6C7-F462-4C10-839E-587A8471B98E}"
EndProject
Global
	GlobalSection(SolutionConfigurationPlatforms) = preSolution
		Debug|Any CPU = Debug|Any CPU
		Release|Any CPU = Release|Any CPU
	EndGlobalSection
	GlobalSection(ProjectConfigurationPlatforms) = postSolution
		{5DE4C6C7-F462-4C10-839E-587A8471B98E}.Debug|Any CPU.ActiveCfg = Debug|Any CPU
		{5DE4C6C7-F462-4C10-839E-587A8471B98E}.Debug|Any CPU.Build.0 = Debug|Any CPU
		{5DE4C6C7-F462-4C10-839E-587A8471B98E}.Release|Any CPU.ActiveCfg = Release|Any CPU
		{5DE4C6C7-F462-4C10-839E-587A8471B98E}.Release|Any CPU.Build.0 = Release|Any CPU
	EndGlobalSection
	GlobalSection(SolutionProperties) = preSolution
		HideSolutionNode = FALSE
	EndGlobalSection
	GlobalSection(ExtensibilityGlobals) = postSolution
		SolutionGuid = {BDBE4DDA-B80F-48E1-81FE-F4F122F16262}
	EndGlobalSection
EndGlobal
